
Microsoft Visual Studio Solution File, Format Version 12.00
# Visual Studio 15
VisualStudioVersion = 15.0.27703.2042
MinimumVisualStudioVersion = 10.0.40219.1
Project("{FAE04EC0-301F-11D3-BF4B-00C04F79EFBC}") = "HttpEnv", "HttpEnv\HttpEnv.csproj", "{B89EE1C9-0039-4D9D-B210-C398D4710162}"
EndProject
Project("{FAE04EC0-301F-11D3-BF4B-00C04F79EFBC}") = "HttpEnvTests", "HttpEnvTests\HttpEnvTests.csproj", "{EF4C5FEE-09F0-4E9A-AFFC-0EADF1E51D2F}"
EndProject
Global
	GlobalSection(SolutionConfigurationPlatforms) = preSolution
		Debug|Any CPU = Debug|Any CPU
		Release|Any CPU = Release|Any CPU
	EndGlobalSection
	GlobalSection(ProjectConfigurationPlatforms) = postSolution
		{B89EE1C9-0039-4D9D-B210-C398D4710162}.Debug|Any CPU.ActiveCfg = Debug|Any CPU
		{B89EE1C9-0039-4D9D-B210-C398D4710162}.Debug|Any CPU.Build.0 = Debug|Any CPU
		{B89EE1C9-0039-4D9D-B210-C398D4710162}.Release|Any CPU.ActiveCfg = Release|Any CPU
		{B89EE1C9-0039-4D9D-B210-C398D4710162}.Release|Any CPU.Build.0 = Release|Any CPU
		{EF4C5FEE-09F0-4E9A-AFFC-0EADF1E51D2F}.Debug|Any CPU.ActiveCfg = Debug|Any CPU
		{EF4C5FEE-09F0-4E9A-AFFC-0EADF1E51D2F}.Debug|Any CPU.Build.0 = Debug|Any CPU
		{EF4C5FEE-09F0-4E9A-AFFC-0EADF1E51D2F}.Release|Any CPU.ActiveCfg = Release|Any CPU
		{EF4C5FEE-09F0-4E9A-AFFC-0EADF1E51D2F}.Release|Any CPU.Build.0 = Release|Any CPU
	EndGlobalSection
	GlobalSection(SolutionProperties) = preSolution
		HideSolutionNode = FALSE
	EndGlobalSection
	GlobalSection(ExtensibilityGlobals) = postSolution
		SolutionGuid = {8C9BEF54-043D-484B-B91A-9D61B817F4A9}
	EndGlobalSection
EndGlobal
